
Microsoft Visual Studio Solution File, Format Version 12.00
# Visual Studio Version 17
VisualStudioVersion = 17.5.2.0
MinimumVisualStudioVersion = 10.0.40219.1
Project("{FAE04EC0-301F-11D3-BF4B-00C04F79EFBC}") = "CarParkManager.API", "CarParkManager.API\CarParkManager.API.csproj", "{2DC43470-3668-FC36-D441-D9EDE12A0F97}"
EndProject
Project("{FAE04EC0-301F-11D3-BF4B-00C04F79EFBC}") = "CarParkManager.Application", "CarParkManager.Application\CarParkManager.Application.csproj", "{D9B6B39D-4A6A-4597-A33B-F20D62B15710}"
EndProject
Project("{FAE04EC0-301F-11D3-BF4B-00C04F79EFBC}") = "CarParkManager.Domain", "CarParkManager.Domain\CarParkManager.Domain.csproj", "{FD40649B-9A39-4074-B7C6-F0A6EA5074F3}"
EndProject
Project("{FAE04EC0-301F-11D3-BF4B-00C04F79EFBC}") = "CarParkManager.Infrastructure", "CarParkManager.Infrastructure\CarParkManager.Infrastructure.csproj", "{0DFE7F21-6E75-4C16-8FFB-CAA11FA90405}"
EndProject
Project("{FAE04EC0-301F-11D3-BF4B-00C04F79EFBC}") = "CarParkManager.Tests", "CarParkManager.Tests\CarParkManager.Tests.csproj", "{08B0CE21-C304-4B2B-A3BF-8CA08C9A850F}"
EndProject
Global
	GlobalSection(SolutionConfigurationPlatforms) = preSolution
		Debug|Any CPU = Debug|Any CPU
		Debug|x64 = Debug|x64
		Debug|x86 = Debug|x86
		Release|Any CPU = Release|Any CPU
		Release|x64 = Release|x64
		Release|x86 = Release|x86
	EndGlobalSection
	GlobalSection(ProjectConfigurationPlatforms) = postSolution
		{2DC43470-3668-FC36-D441-D9EDE12A0F97}.Debug|Any CPU.ActiveCfg = Debug|Any CPU
		{2DC43470-3668-FC36-D441-D9EDE12A0F97}.Debug|Any CPU.Build.0 = Debug|Any CPU
		{2DC43470-3668-FC36-D441-D9EDE12A0F97}.Debug|x64.ActiveCfg = Debug|Any CPU
		{2DC43470-3668-FC36-D441-D9EDE12A0F97}.Debug|x64.Build.0 = Debug|Any CPU
		{2DC43470-3668-FC36-D441-D9EDE12A0F97}.Debug|x86.ActiveCfg = Debug|Any CPU
		{2DC43470-3668-FC36-D441-D9EDE12A0F97}.Debug|x86.Build.0 = Debug|Any CPU
		{2DC43470-3668-FC36-D441-D9EDE12A0F97}.Release|Any CPU.ActiveCfg = Release|Any CPU
		{2DC43470-3668-FC36-D441-D9EDE12A0F97}.Release|Any CPU.Build.0 = Release|Any CPU
		{2DC43470-3668-FC36-D441-D9EDE12A0F97}.Release|x64.ActiveCfg = Release|Any CPU
		{2DC43470-3668-FC36-D441-D9EDE12A0F97}.Release|x64.Build.0 = Release|Any CPU
		{2DC43470-3668-FC36-D441-D9EDE12A0F97}.Release|x86.ActiveCfg = Release|Any CPU
		{2DC43470-3668-FC36-D441-D9EDE12A0F97}.Release|x86.Build.0 = Release|Any CPU
		{D9B6B39D-4A6A-4597-A33B-F20D62B15710}.Debug|Any CPU.ActiveCfg = Debug|Any CPU
		{D9B6B39D-4A6A-4597-A33B-F20D62B15710}.Debug|Any CPU.Build.0 = Debug|Any CPU
		{D9B6B39D-4A6A-4597-A33B-F20D62B15710}.Debug|x64.ActiveCfg = Debug|Any CPU
		{D9B6B39D-4A6A-4597-A33B-F20D62B15710}.Debug|x64.Build.0 = Debug|Any CPU
		{D9B6B39D-4A6A-4597-A33B-F20D62B15710}.Debug|x86.ActiveCfg = Debug|Any CPU
		{D9B6B39D-4A6A-4597-A33B-F20D62B15710}.Debug|x86.Build.0 = Debug|Any CPU
		{D9B6B39D-4A6A-4597-A33B-F20D62B15710}.Release|Any CPU.ActiveCfg = Release|Any CPU
		{D9B6B39D-4A6A-4597-A33B-F20D62B15710}.Release|Any CPU.Build.0 = Release|Any CPU
		{D9B6B39D-4A6A-4597-A33B-F20D62B15710}.Release|x64.ActiveCfg = Release|Any CPU
		{D9B6B39D-4A6A-4597-A33B-F20D62B15710}.Release|x64.Build.0 = Release|Any CPU
		{D9B6B39D-4A6A-4597-A33B-F20D62B15710}.Release|x86.ActiveCfg = Release|Any CPU
		{D9B6B39D-4A6A-4597-A33B-F20D62B15710}.Release|x86.Build.0 = Release|Any CPU
		{FD40649B-9A39-4074-B7C6-F0A6EA5074F3}.Debug|Any CPU.ActiveCfg = Debug|Any CPU
		{FD40649B-9A39-4074-B7C6-F0A6EA5074F3}.Debug|Any CPU.Build.0 = Debug|Any CPU
		{FD40649B-9A39-4074-B7C6-F0A6EA5074F3}.Debug|x64.ActiveCfg = Debug|Any CPU
		{FD40649B-9A39-4074-B7C6-F0A6EA5074F3}.Debug|x64.Build.0 = Debug|Any CPU
		{FD40649B-9A39-4074-B7C6-F0A6EA5074F3}.Debug|x86.ActiveCfg = Debug|Any CPU
		{FD40649B-9A39-4074-B7C6-F0A6EA5074F3}.Debug|x86.Build.0 = Debug|Any CPU
		{FD40649B-9A39-4074-B7C6-F0A6EA5074F3}.Release|Any CPU.ActiveCfg = Release|Any CPU
		{FD40649B-9A39-4074-B7C6-F0A6EA5074F3}.Release|Any CPU.Build.0 = Release|Any CPU
		{FD40649B-9A39-4074-B7C6-F0A6EA5074F3}.Release|x64.ActiveCfg = Release|Any CPU
		{FD40649B-9A39-4074-B7C6-F0A6EA5074F3}.Release|x64.Build.0 = Release|Any CPU
		{FD40649B-9A39-4074-B7C6-F0A6EA5074F3}.Release|x86.ActiveCfg = Release|Any CPU
		{FD40649B-9A39-4074-B7C6-F0A6EA5074F3}.Release|x86.Build.0 = Release|Any CPU
		{0DFE7F21-6E75-4C16-8FFB-CAA11FA90405}.Debug|Any CPU.ActiveCfg = Debug|Any CPU
		{0DFE7F21-6E75-4C16-8FFB-CAA11FA90405}.Debug|Any CPU.Build.0 = Debug|Any CPU
		{0DFE7F21-6E75-4C16-8FFB-CAA11FA90405}.Debug|x64.ActiveCfg = Debug|Any CPU
		{0DFE7F21-6E75-4C16-8FFB-CAA11FA90405}.Debug|x64.Build.0 = Debug|Any CPU
		{0DFE7F21-6E75-4C16-8FFB-CAA11FA90405}.Debug|x86.ActiveCfg = Debug|Any CPU
		{0DFE7F21-6E75-4C16-8FFB-CAA11FA90405}.Debug|x86.Build.0 = Debug|Any CPU
		{0DFE7F21-6E75-4C16-8FFB-CAA11FA90405}.Release|Any CPU.ActiveCfg = Release|Any CPU
		{0DFE7F21-6E75-4C16-8FFB-CAA11FA90405}.Release|Any CPU.Build.0 = Release|Any CPU
		{0DFE7F21-6E75-4C16-8FFB-CAA11FA90405}.Release|x64.ActiveCfg = Release|Any CPU
		{0DFE7F21-6E75-4C16-8FFB-CAA11FA90405}.Release|x64.Build.0 = Release|Any CPU
		{0DFE7F21-6E75-4C16-8FFB-CAA11FA90405}.Release|x86.ActiveCfg = Release|Any CPU
		{0DFE7F21-6E75-4C16-8FFB-CAA11FA90405}.Release|x86.Build.0 = Release|Any CPU
		{08B0CE21-C304-4B2B-A3BF-8CA08C9A850F}.Debug|Any CPU.ActiveCfg = Debug|Any CPU
		{08B0CE21-C304-4B2B-A3BF-8CA08C9A850F}.Debug|Any CPU.Build.0 = Debug|Any CPU
		{08B0CE21-C304-4B2B-A3BF-8CA08C9A850F}.Debug|x64.ActiveCfg = Debug|Any CPU
		{08B0CE21-C304-4B2B-A3BF-8CA08C9A850F}.Debug|x64.Build.0 = Debug|Any CPU
		{08B0CE21-C304-4B2B-A3BF-8CA08C9A850F}.Debug|x86.ActiveCfg = Debug|Any CPU
		{08B0CE21-C304-4B2B-A3BF-8CA08C9A850F}.Debug|x86.Build.0 = Debug|Any CPU
		{08B0CE21-C304-4B2B-A3BF-8CA08C9A850F}.Release|Any CPU.ActiveCfg = Release|Any CPU
		{08B0CE21-C304-4B2B-A3BF-8CA08C9A850F}.Release|Any CPU.Build.0 = Release|Any CPU
		{08B0CE21-C304-4B2B-A3BF-8CA08C9A850F}.Release|x64.ActiveCfg = Release|Any CPU
		{08B0CE21-C304-4B2B-A3BF-8CA08C9A850F}.Release|x64.Build.0 = Release|Any CPU
		{08B0CE21-C304-4B2B-A3BF-8CA08C9A850F}.Release|x86.ActiveCfg = Release|Any CPU
		{08B0CE21-C304-4B2B-A3BF-8CA08C9A850F}.Release|x86.Build.0 = Release|Any CPU
	EndGlobalSection
	GlobalSection(SolutionProperties) = preSolution
		HideSolutionNode = FALSE
	EndGlobalSection
	GlobalSection(ExtensibilityGlobals) = postSolution
		SolutionGuid = {514C5325-B81D-4D6F-8666-0421E1967507}
	EndGlobalSection
EndGlobal
